
Microsoft Visual Studio Solution File, Format Version 12.00
# Visual Studio Version 16
VisualStudioVersion = 16.0.32002.261
MinimumVisualStudioVersion = 10.0.40219.1
Project("{FAE04EC0-301F-11D3-BF4B-00C04F79EFBC}") = "ConsoleUI", "ConsoleUI\ConsoleUI.csproj", "{9DE7E37C-A694-48E3-9220-AA2575D3A593}"
EndProject
Project("{2150E333-8FDC-42A3-9474-1A3956D46DE8}") = "Solution Items", "Solution Items", "{0C2BDF15-6895-40DE-AD36-CFA2BCBB0993}"
	ProjectSection(SolutionItems) = preProject
		.editorconfig = .editorconfig
	EndProjectSection
EndProject
Project("{FAE04EC0-301F-11D3-BF4B-00C04F79EFBC}") = "LogicLibrary", "LogicLibrary\LogicLibrary.csproj", "{FFE8241E-4AFB-47D3-9FD9-B8D4573CF9DC}"
EndProject
Global
	GlobalSection(SolutionConfigurationPlatforms) = preSolution
		Debug|Any CPU = Debug|Any CPU
		Release|Any CPU = Release|Any CPU
	EndGlobalSection
	GlobalSection(ProjectConfigurationPlatforms) = postSolution
		{9DE7E37C-A694-48E3-9220-AA2575D3A593}.Debug|Any CPU.ActiveCfg = Debug|Any CPU
		{9DE7E37C-A694-48E3-9220-AA2575D3A593}.Debug|Any CPU.Build.0 = Debug|Any CPU
		{9DE7E37C-A694-48E3-9220-AA2575D3A593}.Release|Any CPU.ActiveCfg = Release|Any CPU
		{9DE7E37C-A694-48E3-9220-AA2575D3A593}.Release|Any CPU.Build.0 = Release|Any CPU
		{FFE8241E-4AFB-47D3-9FD9-B8D4573CF9DC}.Debug|Any CPU.ActiveCfg = Debug|Any CPU
		{FFE8241E-4AFB-47D3-9FD9-B8D4573CF9DC}.Debug|Any CPU.Build.0 = Debug|Any CPU
		{FFE8241E-4AFB-47D3-9FD9-B8D4573CF9DC}.Release|Any CPU.ActiveCfg = Release|Any CPU
		{FFE8241E-4AFB-47D3-9FD9-B8D4573CF9DC}.Release|Any CPU.Build.0 = Release|Any CPU
	EndGlobalSection
	GlobalSection(SolutionProperties) = preSolution
		HideSolutionNode = FALSE
	EndGlobalSection
	GlobalSection(ExtensibilityGlobals) = postSolution
		SolutionGuid = {EE71A1FD-A629-493E-BBA4-65B379FB1644}
	EndGlobalSection
EndGlobal
